
Microsoft Visual Studio Solution File, Format Version 12.00
# Visual Studio Version 17
VisualStudioVersion = 17.7.34031.279
MinimumVisualStudioVersion = 10.0.40219.1
Project("{FAE04EC0-301F-11D3-BF4B-00C04F79EFBC}") = "BankingApp", "BankingApp\BankingApp.csproj", "{453F9ACB-2CE5-424B-B636-24CCD003BBD3}"
EndProject
Global
	GlobalSection(SolutionConfigurationPlatforms) = preSolution
		Debug|Any CPU = Debug|Any CPU
		Release|Any CPU = Release|Any CPU
	EndGlobalSection
	GlobalSection(ProjectConfigurationPlatforms) = postSolution
		{453F9ACB-2CE5-424B-B636-24CCD003BBD3}.Debug|Any CPU.ActiveCfg = Debug|Any CPU
		{453F9ACB-2CE5-424B-B636-24CCD003BBD3}.Debug|Any CPU.Build.0 = Debug|Any CPU
		{453F9ACB-2CE5-424B-B636-24CCD003BBD3}.Release|Any CPU.ActiveCfg = Release|Any CPU
		{453F9ACB-2CE5-424B-B636-24CCD003BBD3}.Release|Any CPU.Build.0 = Release|Any CPU
	EndGlobalSection
	GlobalSection(SolutionProperties) = preSolution
		HideSolutionNode = FALSE
	EndGlobalSection
	GlobalSection(ExtensibilityGlobals) = postSolution
		SolutionGuid = {CAEB52FC-F823-44EE-8CE5-CA3268A0C3EF}
	EndGlobalSection
EndGlobal
